
Microsoft Visual Studio Solution File, Format Version 12.00
# Visual Studio Version 17
VisualStudioVersion = 17.0.31903.59
MinimumVisualStudioVersion = 10.0.40219.1
Project("{2150E333-8FDC-42A3-9474-1A3956D46DE8}") = "src", "src", "{827E0CD3-B72D-47B6-A68D-7590B98EB39B}"
EndProject
Project("{FAE04EC0-301F-11D3-BF4B-00C04F79EFBC}") = "Erp.Domain", "src\Erp.Domain\Erp.Domain.csproj", "{6FB2A06F-43E8-44F4-B760-405911907CDD}"
EndProject
Project("{FAE04EC0-301F-11D3-BF4B-00C04F79EFBC}") = "Erp.Application", "src\Erp.Application\Erp.Application.csproj", "{51F08A6A-C14D-4C57-9485-89726EEEED3A}"
EndProject
Project("{FAE04EC0-301F-11D3-BF4B-00C04F79EFBC}") = "Erp.Infrastructure", "src\Erp.Infrastructure\Erp.Infrastructure.csproj", "{39C69FB0-ED20-48F3-91A2-69474ACF46CD}"
EndProject
Project("{FAE04EC0-301F-11D3-BF4B-00C04F79EFBC}") = "Erp.Web", "src\Erp.Web\Erp.Web.csproj", "{AC38825B-A10C-4C98-82BF-75376B7B64C4}"
EndProject
Project("{2150E333-8FDC-42A3-9474-1A3956D46DE8}") = "tests", "tests", "{0AB3BF05-4346-4AA6-1389-037BE0695223}"
EndProject
Project("{FAE04EC0-301F-11D3-BF4B-00C04F79EFBC}") = "Erp.Domain.Tests", "tests\Erp.Domain.Tests\Erp.Domain.Tests.csproj", "{C74F8EA3-5181-45D4-9D0A-D4CC1BDE2FE8}"
EndProject
Global
	GlobalSection(SolutionConfigurationPlatforms) = preSolution
		Debug|Any CPU = Debug|Any CPU
		Debug|x64 = Debug|x64
		Debug|x86 = Debug|x86
		Release|Any CPU = Release|Any CPU
		Release|x64 = Release|x64
		Release|x86 = Release|x86
	EndGlobalSection
	GlobalSection(ProjectConfigurationPlatforms) = postSolution
		{6FB2A06F-43E8-44F4-B760-405911907CDD}.Debug|Any CPU.ActiveCfg = Debug|Any CPU
		{6FB2A06F-43E8-44F4-B760-405911907CDD}.Debug|Any CPU.Build.0 = Debug|Any CPU
		{6FB2A06F-43E8-44F4-B760-405911907CDD}.Debug|x64.ActiveCfg = Debug|Any CPU
		{6FB2A06F-43E8-44F4-B760-405911907CDD}.Debug|x64.Build.0 = Debug|Any CPU
		{6FB2A06F-43E8-44F4-B760-405911907CDD}.Debug|x86.ActiveCfg = Debug|Any CPU
		{6FB2A06F-43E8-44F4-B760-405911907CDD}.Debug|x86.Build.0 = Debug|Any CPU
		{6FB2A06F-43E8-44F4-B760-405911907CDD}.Release|Any CPU.ActiveCfg = Release|Any CPU
		{6FB2A06F-43E8-44F4-B760-405911907CDD}.Release|Any CPU.Build.0 = Release|Any CPU
		{6FB2A06F-43E8-44F4-B760-405911907CDD}.Release|x64.ActiveCfg = Release|Any CPU
		{6FB2A06F-43E8-44F4-B760-405911907CDD}.Release|x64.Build.0 = Release|Any CPU
		{6FB2A06F-43E8-44F4-B760-405911907CDD}.Release|x86.ActiveCfg = Release|Any CPU
		{6FB2A06F-43E8-44F4-B760-405911907CDD}.Release|x86.Build.0 = Release|Any CPU
		{51F08A6A-C14D-4C57-9485-89726EEEED3A}.Debug|Any CPU.ActiveCfg = Debug|Any CPU
		{51F08A6A-C14D-4C57-9485-89726EEEED3A}.Debug|Any CPU.Build.0 = Debug|Any CPU
		{51F08A6A-C14D-4C57-9485-89726EEEED3A}.Debug|x64.ActiveCfg = Debug|Any CPU
		{51F08A6A-C14D-4C57-9485-89726EEEED3A}.Debug|x64.Build.0 = Debug|Any CPU
		{51F08A6A-C14D-4C57-9485-89726EEEED3A}.Debug|x86.ActiveCfg = Debug|Any CPU
		{51F08A6A-C14D-4C57-9485-89726EEEED3A}.Debug|x86.Build.0 = Debug|Any CPU
		{51F08A6A-C14D-4C57-9485-89726EEEED3A}.Release|Any CPU.ActiveCfg = Release|Any CPU
		{51F08A6A-C14D-4C57-9485-89726EEEED3A}.Release|Any CPU.Build.0 = Release|Any CPU
		{51F08A6A-C14D-4C57-9485-89726EEEED3A}.Release|x64.ActiveCfg = Release|Any CPU
		{51F08A6A-C14D-4C57-9485-89726EEEED3A}.Release|x64.Build.0 = Release|Any CPU
		{51F08A6A-C14D-4C57-9485-89726EEEED3A}.Release|x86.ActiveCfg = Release|Any CPU
		{51F08A6A-C14D-4C57-9485-89726EEEED3A}.Release|x86.Build.0 = Release|Any CPU
		{39C69FB0-ED20-48F3-91A2-69474ACF46CD}.Debug|Any CPU.ActiveCfg = Debug|Any CPU
		{39C69FB0-ED20-48F3-91A2-69474ACF46CD}.Debug|Any CPU.Build.0 = Debug|Any CPU
		{39C69FB0-ED20-48F3-91A2-69474ACF46CD}.Debug|x64.ActiveCfg = Debug|Any CPU
		{39C69FB0-ED20-48F3-91A2-69474ACF46CD}.Debug|x64.Build.0 = Debug|Any CPU
		{39C69FB0-ED20-48F3-91A2-69474ACF46CD}.Debug|x86.ActiveCfg = Debug|Any CPU
		{39C69FB0-ED20-48F3-91A2-69474ACF46CD}.Debug|x86.Build.0 = Debug|Any CPU
		{39C69FB0-ED20-48F3-91A2-69474ACF46CD}.Release|Any CPU.ActiveCfg = Release|Any CPU
		{39C69FB0-ED20-48F3-91A2-69474ACF46CD}.Release|Any CPU.Build.0 = Release|Any CPU
		{39C69FB0-ED20-48F3-91A2-69474ACF46CD}.Release|x64.ActiveCfg = Release|Any CPU
		{39C69FB0-ED20-48F3-91A2-69474ACF46CD}.Release|x64.Build.0 = Release|Any CPU
		{39C69FB0-ED20-48F3-91A2-69474ACF46CD}.Release|x86.ActiveCfg = Release|Any CPU
		{39C69FB0-ED20-48F3-91A2-69474ACF46CD}.Release|x86.Build.0 = Release|Any CPU
		{AC38825B-A10C-4C98-82BF-75376B7B64C4}.Debug|Any CPU.ActiveCfg = Debug|Any CPU
		{AC38825B-A10C-4C98-82BF-75376B7B64C4}.Debug|Any CPU.Build.0 = Debug|Any CPU
		{AC38825B-A10C-4C98-82BF-75376B7B64C4}.Debug|x64.ActiveCfg = Debug|Any CPU
		{AC38825B-A10C-4C98-82BF-75376B7B64C4}.Debug|x64.Build.0 = Debug|Any CPU
		{AC38825B-A10C-4C98-82BF-75376B7B64C4}.Debug|x86.ActiveCfg = Debug|Any CPU
		{AC38825B-A10C-4C98-82BF-75376B7B64C4}.Debug|x86.Build.0 = Debug|Any CPU
		{AC38825B-A10C-4C98-82BF-75376B7B64C4}.Release|Any CPU.ActiveCfg = Release|Any CPU
		{AC38825B-A10C-4C98-82BF-75376B7B64C4}.Release|Any CPU.Build.0 = Release|Any CPU
		{AC38825B-A10C-4C98-82BF-75376B7B64C4}.Release|x64.ActiveCfg = Release|Any CPU
		{AC38825B-A10C-4C98-82BF-75376B7B64C4}.Release|x64.Build.0 = Release|Any CPU
		{AC38825B-A10C-4C98-82BF-75376B7B64C4}.Release|x86.ActiveCfg = Release|Any CPU
		{AC38825B-A10C-4C98-82BF-75376B7B64C4}.Release|x86.Build.0 = Release|Any CPU
		{C74F8EA3-5181-45D4-9D0A-D4CC1BDE2FE8}.Debug|Any CPU.ActiveCfg = Debug|Any CPU
		{C74F8EA3-5181-45D4-9D0A-D4CC1BDE2FE8}.Debug|Any CPU.Build.0 = Debug|Any CPU
		{C74F8EA3-5181-45D4-9D0A-D4CC1BDE2FE8}.Debug|x64.ActiveCfg = Debug|Any CPU
		{C74F8EA3-5181-45D4-9D0A-D4CC1BDE2FE8}.Debug|x64.Build.0 = Debug|Any CPU
		{C74F8EA3-5181-45D4-9D0A-D4CC1BDE2FE8}.Debug|x86.ActiveCfg = Debug|Any CPU
		{C74F8EA3-5181-45D4-9D0A-D4CC1BDE2FE8}.Debug|x86.Build.0 = Debug|Any CPU
		{C74F8EA3-5181-45D4-9D0A-D4CC1BDE2FE8}.Release|Any CPU.ActiveCfg = Release|Any CPU
		{C74F8EA3-5181-45D4-9D0A-D4CC1BDE2FE8}.Release|Any CPU.Build.0 = Release|Any CPU
		{C74F8EA3-5181-45D4-9D0A-D4CC1BDE2FE8}.Release|x64.ActiveCfg = Release|Any CPU
		{C74F8EA3-5181-45D4-9D0A-D4CC1BDE2FE8}.Release|x64.Build.0 = Release|Any CPU
		{C74F8EA3-5181-45D4-9D0A-D4CC1BDE2FE8}.Release|x86.ActiveCfg = Release|Any CPU
		{C74F8EA3-5181-45D4-9D0A-D4CC1BDE2FE8}.Release|x86.Build.0 = Release|Any CPU
	EndGlobalSection
	GlobalSection(SolutionProperties) = preSolution
		HideSolutionNode = FALSE
	EndGlobalSection
	GlobalSection(NestedProjects) = preSolution
		{6FB2A06F-43E8-44F4-B760-405911907CDD} = {827E0CD3-B72D-47B6-A68D-7590B98EB39B}
		{51F08A6A-C14D-4C57-9485-89726EEEED3A} = {827E0CD3-B72D-47B6-A68D-7590B98EB39B}
		{39C69FB0-ED20-48F3-91A2-69474ACF46CD} = {827E0CD3-B72D-47B6-A68D-7590B98EB39B}
		{AC38825B-A10C-4C98-82BF-75376B7B64C4} = {827E0CD3-B72D-47B6-A68D-7590B98EB39B}
		{C74F8EA3-5181-45D4-9D0A-D4CC1BDE2FE8} = {0AB3BF05-4346-4AA6-1389-037BE0695223}
	EndGlobalSection
EndGlobal
